{
  "name": "@hyperiux/docs",
  "version": "0.1.0",
  "lockfileVersion": 3,
  "requires": true,
  "packages": {
    "": {
      "name": "@hyperiux/docs",
      "version": "0.1.0",
      "dependencies": {
        "@14islands/r3f-scroll-rig": "^8.15.0",
        "@imagekit/next": "^2.1.5",
        "@react-three/drei": "^10.7.7",
        "@react-three/fiber": "^9.6.0",
        "@react-three/postprocessing": "^3.0.4",
        "@react-three/rapier": "^2.2.0",
        "@sentry/nextjs": "^10.51.0",
        "@vercel/analytics": "^2.0.1",
        "@whatisjery/react-fluid-distortion": "^1.6.1",
        "cloudinary": "^2.9.0",
        "framer-motion": "^12.38.0",
        "gsap": "^3.15.0",
        "highlight.js": "^11.11.1",
        "lenis": "^1.3.23",
        "leva": "^0.10.1",
        "lucide-react": "^0.577.0",
        "maath": "^0.10.8",
        "motion": "^12.38.0",
        "next": "^9.3.3",
        "next-cloudinary": "^6.17.5",
        "next-transition-router": "^0.2.11",
        "postcss": "^8.5.10",
        "postprocessing": "^6.39.1",
        "react": "^19.2.4",
        "react-dom": "^19.2.4",
        "three": "^0.183.2"
      },
      "devDependencies": {
        "@tailwindcss/postcss": "^4.2.4",
        "eslint": "^9",
        "eslint-config-next": "16.2.0",
        "tailwindcss": "^4"
      }
    },
    "../../node_modules/.pnpm/@14islands+r3f-scroll-rig@8.15.0_@react-three+drei@10.7.7_@react-three+fiber@9.6.1_@types+rea_kf22uvalr5nex4qspcc42hbbwi/node_modules/@14islands/r3f-scroll-rig": {
      "version": "8.15.0",
      "license": "ISC",
      "dependencies": {
        "@14islands/lerp": "^1.0.3",
        "@juggle/resize-observer": "^3.4.0",
        "@types/query-string": "^6.3.0",
        "debounce": "^1.2.1",
        "fast-deep-equal": "^3.1.3",
        "lenis": "^1.1.9",
        "query-string": "^6.14.1",
        "react-intersection-observer": "^9.4.0",
        "supports-webp": "^3.0.0",
        "suspend-react": "^0.0.8",
        "vecn": "^1.3.1",
        "zustand": "^3.4.2"
      },
      "devDependencies": {
        "@react-three/drei": "^9.77.0",
        "@react-three/fiber": "^8.13.3",
        "@types/debounce": "^1.2.1",
        "@types/react": "^18.0.25",
        "microbundle": "^0.15.1",
        "react": "^18.1.0",
        "react-dom": "^18.1.0",
        "three": "^0.144.0"
      },
      "peerDependencies": {
        "@react-three/drei": ">=9.0.0",
        "@react-three/fiber": ">=8.0.0",
        "react": ">=18.0",
        "react-dom": ">=18.0",
        "three": ">=0.139.0"
      },
      "peerDependenciesMeta": {
        "@react-three/drei": {
          "optional": true
        },
        "@react-three/fiber": {
          "optional": true
        }
      }
    },
    "../../node_modules/.pnpm/@imagekit+next@2.1.5_next@9.5.5_react-dom@19.2.6_react@19.2.6__react@19.2.6_typescript@6.0.3_/node_modules/@imagekit/next": {
      "version": "2.1.5",
      "license": "MIT",
      "dependencies": {
        "@imagekit/javascript": "^5.1.0"
      },
      "devDependencies": {
        "@rollup/plugin-babel": "^5.2.1",
        "@rollup/plugin-commonjs": "^15.1.0",
        "@rollup/plugin-json": "^4.1.0",
        "@rollup/plugin-node-resolve": "^15.2.3",
        "@rollup/plugin-replace": "^2.3.3",
        "@rollup/plugin-typescript": "^11.1.6",
        "@types/node": "^20.12.13",
        "@types/react": "^18.3.3",
        "rollup": "^2.28.2",
        "rollup-plugin-node-resolve": "^5.2.0",
        "rollup-plugin-peer-deps-external": "^2.2.3",
        "rollup-plugin-terser": "^7.0.2",
        "typescript": "^5.4.5"
      },
      "peerDependencies": {
        "next": ">= 13"
      }
    },
    "../../node_modules/.pnpm/@react-three+drei@10.7.7_@react-three+fiber@9.6.1_@types+react@19.2.15_react-dom@19.2.6_react_gbivnqwm5k3vdofg2njd4qjibe/node_modules/@react-three/drei": {
      "version": "10.7.7",
      "license": "MIT",
      "dependencies": {
        "@babel/runtime": "^7.26.0",
        "@mediapipe/tasks-vision": "0.10.17",
        "@monogrid/gainmap-js": "^3.0.6",
        "@use-gesture/react": "^10.3.1",
        "camera-controls": "^3.1.0",
        "cross-env": "^7.0.3",
        "detect-gpu": "^5.0.56",
        "glsl-noise": "^0.0.0",
        "hls.js": "^1.5.17",
        "maath": "^0.10.8",
        "meshline": "^3.3.1",
        "stats-gl": "^2.2.8",
        "stats.js": "^0.17.0",
        "suspend-react": "^0.1.3",
        "three-mesh-bvh": "^0.8.3",
        "three-stdlib": "^2.35.6",
        "troika-three-text": "^0.52.4",
        "tunnel-rat": "^0.1.2",
        "use-sync-external-store": "^1.4.0",
        "utility-types": "^3.11.0",
        "zustand": "^5.0.1"
      },
      "peerDependencies": {
        "@react-three/fiber": "^9.0.0",
        "react": "^19",
        "react-dom": "^19",
        "three": ">=0.159"
      },
      "peerDependenciesMeta": {
        "react-dom": {
          "optional": true
        }
      }
    },
    "../../node_modules/.pnpm/@react-three+fiber@9.6.1_@types+react@19.2.15_react-dom@19.2.6_react@19.2.6__react@19.2.6_three@0.183.2/node_modules/@react-three/fiber": {
      "version": "9.6.1",
      "license": "MIT",
      "dependencies": {
        "@babel/runtime": "^7.17.8",
        "@types/webxr": "*",
        "base64-js": "^1.5.1",
        "buffer": "^6.0.3",
        "its-fine": "^2.0.0",
        "react-use-measure": "^2.1.7",
        "scheduler": "^0.27.0",
        "suspend-react": "^0.1.3",
        "use-sync-external-store": "^1.4.0",
        "zustand": "^5.0.3"
      },
      "devDependencies": {
        "@types/react-reconciler": "^0.32.3",
        "react-reconciler": "^0.33.0"
      },
      "peerDependencies": {
        "expo": ">=43.0",
        "expo-asset": ">=8.4",
        "expo-file-system": ">=11.0",
        "expo-gl": ">=11.0",
        "react": ">=19 <19.3",
        "react-dom": ">=19 <19.3",
        "react-native": ">=0.78",
        "three": ">=0.156"
      },
      "peerDependenciesMeta": {
        "expo": {
          "optional": true
        },
        "expo-asset": {
          "optional": true
        },
        "expo-file-system": {
          "optional": true
        },
        "expo-gl": {
          "optional": true
        },
        "react-dom": {
          "optional": true
        },
        "react-native": {
          "optional": true
        }
      }
    },
    "../../node_modules/.pnpm/@react-three+postprocessing@3.0.4_@react-three+fiber@9.6.1_@types+react@19.2.15_react-dom@19._4wx4hvgumzffi5a2zwpm7yseki/node_modules/@react-three/postprocessing": {
      "version": "3.0.4",
      "license": "MIT",
      "dependencies": {
        "maath": "^0.6.0",
        "n8ao": "^1.9.4",
        "postprocessing": "^6.36.6"
      },
      "devDependencies": {
        "@react-three/fiber": "^9.0.4",
        "@types/node": "^22.10.7",
        "@types/react": "^19.0.2",
        "@types/react-dom": "^19.0.2",
        "@types/three": "^0.156.0",
        "@typescript-eslint/eslint-plugin": "^5.59.1",
        "@typescript-eslint/parser": "^5.59.1",
        "eslint": "^8.39.0",
        "eslint-config-prettier": "^8.8.0",
        "eslint-import-resolver-alias": "^1.1.2",
        "eslint-plugin-import": "^2.27.5",
        "eslint-plugin-prettier": "^4.2.1",
        "eslint-plugin-react": "^7.32.2",
        "eslint-plugin-react-hooks": "^4.6.0",
        "prettier": "^2.8.8",
        "react": "^19.0.0",
        "react-dom": "^19.0.0",
        "rimraf": "^6.0.1",
        "three": "^0.156.0",
        "typescript": "^5.0.4",
        "vite": "^4.3.5",
        "vitest": "^2.1.8"
      },
      "peerDependencies": {
        "@react-three/fiber": "^9.0.0",
        "react": "^19.0",
        "three": ">= 0.156.0"
      }
    },
    "../../node_modules/.pnpm/@react-three+rapier@2.2.0_@react-three+fiber@9.6.1_@types+react@19.2.15_react-dom@19.2.6_reac_sgl5nug25btll5n2xdp34usrgm/node_modules/@react-three/rapier": {
      "version": "2.2.0",
      "dependencies": {
        "@dimforge/rapier3d-compat": "0.19.2",
        "suspend-react": "^0.1.3",
        "three-stdlib": "^2.35.12"
      },
      "devDependencies": {
        "@react-three/drei": "10.0.1",
        "@react-three/fiber": "9.0.4",
        "@react-three/test-renderer": "9.0.1",
        "@types/react": "19.0.8",
        "@types/react-dom": "19.0.3",
        "@types/three": "0.172.0",
        "react": "19.0.0",
        "react-dom": "19.0.0",
        "three": "0.172.0"
      },
      "peerDependencies": {
        "@react-three/fiber": "^9.0.4",
        "react": "^19",
        "three": ">=0.159.0"
      }
    },
    "../../node_modules/.pnpm/@sentry+nextjs@10.53.1_@opentelemetry+core@2.7.1_@opentelemetry+api@1.9.1__@opentelemetry+sdk_mb3a6n7yagiwrmxpoxtusgvlty/node_modules/@sentry/nextjs": {
      "version": "10.53.1",
      "license": "MIT",
      "dependencies": {
        "@opentelemetry/api": "^1.9.1",
        "@opentelemetry/semantic-conventions": "^1.40.0",
        "@rollup/plugin-commonjs": "28.0.1",
        "@sentry-internal/browser-utils": "10.53.1",
        "@sentry/bundler-plugin-core": "^5.3.0",
        "@sentry/core": "10.53.1",
        "@sentry/node": "10.53.1",
        "@sentry/opentelemetry": "10.53.1",
        "@sentry/react": "10.53.1",
        "@sentry/vercel-edge": "10.53.1",
        "@sentry/webpack-plugin": "^5.3.0",
        "rollup": "^4.60.3",
        "stacktrace-parser": "^0.1.11"
      },
      "devDependencies": {
        "eslint-plugin-react": "^7.31.11",
        "next": "14.2.35",
        "react": "^18.3.1",
        "react-dom": "^18.3.1"
      },
      "engines": {
        "node": ">=18"
      },
      "peerDependencies": {
        "next": "^13.2.0 || ^14.0 || ^15.0.0-rc.0 || ^16.0.0-0"
      }
    },
    "../../node_modules/.pnpm/@tailwindcss+postcss@4.3.0/node_modules/@tailwindcss/postcss": {
      "version": "4.3.0",
      "dev": true,
      "license": "MIT",
      "dependencies": {
        "@alloc/quick-lru": "^5.2.0",
        "@tailwindcss/node": "4.3.0",
        "@tailwindcss/oxide": "4.3.0",
        "postcss": "^8.5.10",
        "tailwindcss": "4.3.0"
      },
      "devDependencies": {
        "@types/node": "^22.19.17",
        "@types/postcss-import": "14.0.3",
        "dedent": "1.7.2",
        "internal-example-plugin": "0.0.0",
        "postcss-import": "^16.1.1"
      }
    },
    "../../node_modules/.pnpm/@vercel+analytics@2.0.1_next@9.5.5_react-dom@19.2.6_react@19.2.6__react@19.2.6_typescript@6.0.3__react@19.2.6/node_modules/@vercel/analytics": {
      "version": "2.0.1",
      "license": "MIT",
      "devDependencies": {
        "@nuxt/kit": "^4.2.0",
        "@nuxt/schema": "^4.2.0",
        "@swc/core": "^1.9.2",
        "@testing-library/jest-dom": "^6.9.1",
        "@testing-library/react": "^16.3.1",
        "@types/node": "^22.9.0",
        "@types/react": "^18.3.12",
        "server-only": "^0.0.1",
        "svelte": "^5.1.10",
        "tsup": "8.3.5",
        "vitest": "^4.0.16",
        "vue": "^3.5.12",
        "vue-router": "^4.4.5"
      },
      "peerDependencies": {
        "@remix-run/react": "^2",
        "@sveltejs/kit": "^1 || ^2",
        "next": ">= 13",
        "nuxt": ">= 3",
        "react": "^18 || ^19 || ^19.0.0-rc",
        "svelte": ">= 4",
        "vue": "^3",
        "vue-router": "^4"
      },
      "peerDependenciesMeta": {
        "@remix-run/react": {
          "optional": true
        },
        "@sveltejs/kit": {
          "optional": true
        },
        "next": {
          "optional": true
        },
        "nuxt": {
          "optional": true
        },
        "react": {
          "optional": true
        },
        "svelte": {
          "optional": true
        },
        "vue": {
          "optional": true
        },
        "vue-router": {
          "optional": true
        }
      }
    },
    "../../node_modules/.pnpm/@whatisjery+react-fluid-distortion@1.6.3_@react-three+fiber@9.6.1_@types+react@19.2.15_react-_ogyrkv2qd6immtsmjjmdkcjsbq/node_modules/@whatisjery/react-fluid-distortion": {
      "version": "1.6.3",
      "license": "MIT",
      "devDependencies": {
        "@react-three/drei": "^10.7.7",
        "@react-three/fiber": "^9.4.0",
        "@react-three/postprocessing": "^3.0.4",
        "@types/node": "^24.10.1",
        "@types/react": "^19.2.4",
        "@types/react-dom": "^19.2.3",
        "@types/three": "^0.181.0",
        "@typescript-eslint/eslint-plugin": "^8.46.4",
        "@typescript-eslint/parser": "^8.46.4",
        "@vitejs/plugin-react": "^5.1.1",
        "clang-format": "^1.8.0",
        "eslint": "^9.39.1",
        "eslint-plugin-react-hooks": "^7.0.1",
        "eslint-plugin-react-refresh": "^0.4.24",
        "leva": "^0.10.1",
        "postprocessing": "6.38.0",
        "react": "^19.2.0",
        "react-dom": "^19.2.0",
        "react-router-dom": "^7.9.5",
        "three": "^0.181.1",
        "tunnel-rat": "^0.1.2",
        "typescript": "^5.9.3",
        "vite": "^7.2.2",
        "vite-plugin-dts": "^4.5.4",
        "vite-plugin-glsl": "^1.5.4",
        "vite-tsconfig-paths": "^5.1.4"
      },
      "peerDependencies": {
        "@react-three/fiber": "*",
        "@react-three/postprocessing": "*",
        "postprocessing": "*",
        "react": "*",
        "react-dom": "*",
        "three": "*"
      }
    },
    "../../node_modules/.pnpm/cloudinary@2.10.0/node_modules/cloudinary": {
      "version": "2.10.0",
      "license": "MIT",
      "dependencies": {
        "lodash": "^4.17.23"
      },
      "devDependencies": {
        "@types/expect.js": "^0.3.32",
        "@types/mocha": "^10.0.10",
        "@types/node": "^22.9.3",
        "date-fns": "^2.30.0",
        "dotenv": "^8.2.0",
        "dtslint": "^2.0.6",
        "eslint": "^6.8.0",
        "eslint-config-airbnb-base": "^14.2.1",
        "eslint-plugin-import": "^2.32.0",
        "eslint-plugin-node": "^11.1.0",
        "expect.js": "^0.3.1",
        "glob": "^7.2.3",
        "jsdoc": "^4.0.4",
        "jsdom": "^15.2.1",
        "jsdom-global": "^3.0.2",
        "mocha": "^7.2.0",
        "nyc": "^15.1.0",
        "rimraf": "^3.0.2",
        "sinon": "^9.2.4",
        "typescript": "^4.9.5",
        "webpack-cli": "^3.3.12"
      },
      "engines": {
        "node": ">=9"
      }
    },
    "../../node_modules/.pnpm/eslint-config-next@16.2.0_@typescript-eslint+parser@8.59.4_eslint@9.39.4_jiti@2.7.0__typescri_242kth32sbfsisibrasuuxpzye/node_modules/eslint-config-next": {
      "version": "16.2.0",
      "dev": true,
      "license": "MIT",
      "dependencies": {
        "@next/eslint-plugin-next": "16.2.0",
        "eslint-import-resolver-node": "^0.3.6",
        "eslint-import-resolver-typescript": "^3.5.2",
        "eslint-plugin-import": "^2.32.0",
        "eslint-plugin-jsx-a11y": "^6.10.0",
        "eslint-plugin-react": "^7.37.0",
        "eslint-plugin-react-hooks": "^7.0.0",
        "globals": "16.4.0",
        "typescript-eslint": "^8.46.0"
      },
      "devDependencies": {
        "@types/eslint": "9.6.1",
        "@types/eslint-plugin-jsx-a11y": "6.10.1",
        "typescript": "5.9.2"
      },
      "peerDependencies": {
        "eslint": ">=9.0.0",
        "typescript": ">=3.3.1"
      },
      "peerDependenciesMeta": {
        "typescript": {
          "optional": true
        }
      }
    },
    "../../node_modules/.pnpm/eslint@9.39.4_jiti@2.7.0/node_modules/eslint": {
      "version": "9.39.4",
      "dev": true,
      "license": "MIT",
      "dependencies": {
        "@eslint-community/eslint-utils": "^4.8.0",
        "@eslint-community/regexpp": "^4.12.1",
        "@eslint/config-array": "^0.21.2",
        "@eslint/config-helpers": "^0.4.2",
        "@eslint/core": "^0.17.0",
        "@eslint/eslintrc": "^3.3.5",
        "@eslint/js": "9.39.4",
        "@eslint/plugin-kit": "^0.4.1",
        "@humanfs/node": "^0.16.6",
        "@humanwhocodes/module-importer": "^1.0.1",
        "@humanwhocodes/retry": "^0.4.2",
        "@types/estree": "^1.0.6",
        "ajv": "^6.14.0",
        "chalk": "^4.0.0",
        "cross-spawn": "^7.0.6",
        "debug": "^4.3.2",
        "escape-string-regexp": "^4.0.0",
        "eslint-scope": "^8.4.0",
        "eslint-visitor-keys": "^4.2.1",
        "espree": "^10.4.0",
        "esquery": "^1.5.0",
        "esutils": "^2.0.2",
        "fast-deep-equal": "^3.1.3",
        "file-entry-cache": "^8.0.0",
        "find-up": "^5.0.0",
        "glob-parent": "^6.0.2",
        "ignore": "^5.2.0",
        "imurmurhash": "^0.1.4",
        "is-glob": "^4.0.0",
        "json-stable-stringify-without-jsonify": "^1.0.1",
        "lodash.merge": "^4.6.2",
        "minimatch": "^3.1.5",
        "natural-compare": "^1.4.0",
        "optionator": "^0.9.3"
      },
      "bin": {
        "eslint": "bin/eslint.js"
      },
      "devDependencies": {
        "@arethetypeswrong/cli": "^0.18.0",
        "@babel/core": "^7.4.3",
        "@babel/preset-env": "^7.4.3",
        "@cypress/webpack-preprocessor": "^6.0.2",
        "@eslint/json": "^0.13.2",
        "@trunkio/launcher": "^1.3.4",
        "@types/esquery": "^1.5.4",
        "@types/node": "^22.13.14",
        "@typescript-eslint/parser": "^8.4.0",
        "babel-loader": "^8.0.5",
        "c8": "^7.12.0",
        "chai": "^4.0.1",
        "cheerio": "^0.22.0",
        "common-tags": "^1.8.0",
        "core-js": "^3.1.3",
        "cypress": "^14.1.0",
        "ejs": "^3.0.2",
        "eslint": "file:.",
        "eslint-config-eslint": "file:packages/eslint-config-eslint",
        "eslint-plugin-eslint-plugin": "^6.0.0",
        "eslint-plugin-expect-type": "^0.6.0",
        "eslint-plugin-yml": "^1.14.0",
        "eslint-release": "^3.3.0",
        "eslint-rule-composer": "^0.3.0",
        "eslump": "^3.0.0",
        "esprima": "^4.0.1",
        "fast-glob": "^3.2.11",
        "fs-teardown": "^0.1.3",
        "glob": "^10.0.0",
        "globals": "^16.2.0",
        "got": "^11.8.3",
        "gray-matter": "^4.0.3",
        "jiti": "^2.6.1",
        "jiti-v2.0": "npm:jiti@2.0.x",
        "jiti-v2.1": "npm:jiti@2.1.x",
        "knip": "^5.60.2",
        "lint-staged": "^11.0.0",
        "markdown-it": "^12.2.0",
        "markdown-it-container": "^3.0.0",
        "marked": "^4.0.8",
        "metascraper": "^5.25.7",
        "metascraper-description": "^5.25.7",
        "metascraper-image": "^5.29.3",
        "metascraper-logo": "^5.25.7",
        "metascraper-logo-favicon": "^5.25.7",
        "metascraper-title": "^5.25.7",
        "mocha": "^11.7.1",
        "node-polyfill-webpack-plugin": "^1.0.3",
        "npm-license": "^0.3.3",
        "pirates": "^4.0.5",
        "progress": "^2.0.3",
        "proxyquire": "^2.0.1",
        "recast": "^0.23.0",
        "regenerator-runtime": "^0.14.0",
        "semver": "^7.5.3",
        "shelljs": "^0.10.0",
        "sinon": "^11.0.0",
        "typescript": "^5.3.3",
        "webpack": "^5.23.0",
        "webpack-cli": "^4.5.0",
        "yorkie": "^2.0.0"
      },
      "engines": {
        "node": "^18.18.0 || ^20.9.0 || >=21.1.0"
      },
      "funding": {
        "url": "https://eslint.org/donate"
      },
      "peerDependencies": {
        "jiti": "*"
      },
      "peerDependenciesMeta": {
        "jiti": {
          "optional": true
        }
      }
    },
    "../../node_modules/.pnpm/framer-motion@12.40.0_react-dom@19.2.6_react@19.2.6__react@19.2.6/node_modules/framer-motion": {
      "version": "12.40.0",
      "license": "MIT",
      "dependencies": {
        "motion-dom": "^12.40.0",
        "motion-utils": "^12.39.0",
        "tslib": "^2.4.0"
      },
      "devDependencies": {
        "@radix-ui/react-dialog": "^1.1.15",
        "@thednp/dommatrix": "^2.0.11",
        "@types/three": "0.137.0",
        "three": "0.137.0"
      },
      "peerDependencies": {
        "@emotion/is-prop-valid": "*",
        "react": "^18.0.0 || ^19.0.0",
        "react-dom": "^18.0.0 || ^19.0.0"
      },
      "peerDependenciesMeta": {
        "@emotion/is-prop-valid": {
          "optional": true
        },
        "react": {
          "optional": true
        },
        "react-dom": {
          "optional": true
        }
      }
    },
    "../../node_modules/.pnpm/gsap@3.15.0/node_modules/gsap": {
      "version": "3.15.0",
      "license": "Standard 'no charge' license: https://gsap.com/standard-license."
    },
    "../../node_modules/.pnpm/highlight.js@11.11.1/node_modules/highlight.js": {
      "version": "11.11.1",
      "license": "BSD-3-Clause",
      "devDependencies": {
        "@colors/colors": "^1.6.0",
        "@rollup/plugin-commonjs": "^28.0.1",
        "@rollup/plugin-json": "^6.0.1",
        "@rollup/plugin-node-resolve": "^15.3.0",
        "@types/mocha": "^10.0.2",
        "@typescript-eslint/eslint-plugin": "^7.15.0",
        "@typescript-eslint/parser": "^7.15.0",
        "clean-css": "^5.3.2",
        "cli-table": "^0.3.1",
        "commander": "^12.1.0",
        "css": "^3.0.0",
        "css-color-names": "^1.0.1",
        "deep-freeze-es6": "^3.0.2",
        "del": "^8.0.0",
        "dependency-resolver": "^2.0.1",
        "eslint": "^8.57.0",
        "eslint-config-standard": "^17.1.0",
        "eslint-plugin-import": "^2.28.1",
        "eslint-plugin-node": "^11.1.0",
        "eslint-plugin-promise": "^6.1.1",
        "glob": "^8.1.0",
        "glob-promise": "^6.0.5",
        "handlebars": "^4.7.8",
        "http-server": "^14.1.1",
        "jsdom": "^25.0.1",
        "lodash": "^4.17.20",
        "mocha": "^11.0.1",
        "refa": "^0.4.1",
        "rollup": "^4.0.2",
        "should": "^13.2.3",
        "terser": "^5.21.0",
        "tiny-worker": "^2.3.0",
        "typescript": "^5.2.2",
        "wcag-contrast": "^3.0.0"
      },
      "engines": {
        "node": ">=12.0.0"
      }
    },
    "../../node_modules/.pnpm/lenis@1.3.23_react@19.2.6/node_modules/lenis": {
      "version": "1.3.23",
      "license": "MIT",
      "workspaces": [
        "packages/*",
        "playground",
        "playground/*"
      ],
      "devDependencies": {
        "@biomejs/biome": "^2.4.2",
        "tsdown": "^0.21.4",
        "typescript": "^5.7.3"
      },
      "funding": {
        "type": "github",
        "url": "https://github.com/sponsors/darkroomengineering"
      },
      "peerDependencies": {
        "@nuxt/kit": ">=3.0.0",
        "react": ">=17.0.0",
        "vue": ">=3.0.0"
      },
      "peerDependenciesMeta": {
        "@nuxt/kit": {
          "optional": true
        },
        "react": {
          "optional": true
        },
        "vue": {
          "optional": true
        }
      }
    },
    "../../node_modules/.pnpm/leva@0.10.1_@types+react@19.2.15_react-dom@19.2.6_react@19.2.6__react@19.2.6/node_modules/leva": {
      "version": "0.10.1",
      "license": "MIT",
      "dependencies": {
        "@radix-ui/react-portal": "^1.1.4",
        "@radix-ui/react-tooltip": "^1.1.8",
        "@stitches/react": "^1.2.8",
        "@use-gesture/react": "^10.2.5",
        "colord": "^2.9.2",
        "dequal": "^2.0.2",
        "merge-value": "^1.0.0",
        "react-colorful": "^5.5.1",
        "react-dropzone": "^12.0.0",
        "v8n": "^1.3.3",
        "zustand": "^3.6.9"
      },
      "devDependencies": {
        "@welldone-software/why-did-you-render": "^6.2.3"
      },
      "peerDependencies": {
        "react": "^18.0.0 || ^19.0.0",
        "react-dom": "^18.0.0 || ^19.0.0"
      }
    },
    "../../node_modules/.pnpm/lucide-react@0.577.0_react@19.2.6/node_modules/lucide-react": {
      "version": "0.577.0",
      "license": "ISC",
      "devDependencies": {
        "@lucide/build-icons": "1.1.0",
        "@lucide/rollup-plugins": "1.0.0",
        "@lucide/shared": "1.0.0",
        "@testing-library/jest-dom": "^6.8.0",
        "@testing-library/react": "^14.1.2",
        "@types/react": "^18.2.37",
        "@vitejs/plugin-react": "^4.4.1",
        "jest-serializer-html": "^7.1.0",
        "react": "18.2.0",
        "react-dom": "18.2.0",
        "rollup": "^4.59.0",
        "rollup-plugin-dts": "^6.2.3",
        "rollup-plugin-preserve-directives": "^0.4.0",
        "typescript": "^5.8.3",
        "vite": "^7.2.4",
        "vitest": "^4.0.12"
      },
      "peerDependencies": {
        "react": "^16.5.1 || ^17.0.0 || ^18.0.0 || ^19.0.0"
      }
    },
    "../../node_modules/.pnpm/maath@0.10.8_@types+three@0.184.1_three@0.183.2/node_modules/maath": {
      "version": "0.10.8",
      "license": "MIT",
      "devDependencies": {
        "@types/three": "^0.134.0",
        "three": "^0.134.0"
      },
      "peerDependencies": {
        "@types/three": ">=0.134.0",
        "three": ">=0.134.0"
      }
    },
    "../../node_modules/.pnpm/motion@12.40.0_react-dom@19.2.6_react@19.2.6__react@19.2.6/node_modules/motion": {
      "version": "12.40.0",
      "license": "MIT",
      "dependencies": {
        "framer-motion": "^12.40.0",
        "tslib": "^2.4.0"
      },
      "peerDependencies": {
        "@emotion/is-prop-valid": "*",
        "react": "^18.0.0 || ^19.0.0",
        "react-dom": "^18.0.0 || ^19.0.0"
      },
      "peerDependenciesMeta": {
        "@emotion/is-prop-valid": {
          "optional": true
        },
        "react": {
          "optional": true
        },
        "react-dom": {
          "optional": true
        }
      }
    },
    "../../node_modules/.pnpm/next-cloudinary@6.17.5_next@9.5.5_react-dom@19.2.6_react@19.2.6__react@19.2.6_typescript@6.0.3__react@19.2.6/node_modules/next-cloudinary": {
      "version": "6.17.5",
      "license": "MIT",
      "dependencies": {
        "@cloudinary-util/types": "1.5.10",
        "@cloudinary-util/url-loader": "5.10.4",
        "@cloudinary-util/util": "4.0.0"
      },
      "devDependencies": {
        "@babel/core": "^7.25.2",
        "@babel/preset-env": "^7.25.3",
        "@tsconfig/recommended": "^1.0.7",
        "@types/node": "^22.0.2",
        "@types/react": "^18.3.3",
        "@types/react-dom": "^18.3.0",
        "dotenv": "^16.4.5",
        "mkdirp": "^3.0.1",
        "tsup": "^8.2.3",
        "typescript": "^5.5.4",
        "vitest": "^2.0.5"
      },
      "peerDependencies": {
        "next": "^12 || ^13 || ^14 || >=15.0.0-rc || ^15",
        "react": "^17 || ^18 || >=19.0.0-beta || ^19"
      }
    },
    "../../node_modules/.pnpm/next-transition-router@0.2.11_next@9.5.5_react-dom@19.2.6_react@19.2.6__react@19.2.6_typescri_3phkv2jrtltraozlq42qxkei3y/node_modules/next-transition-router": {
      "version": "0.2.11",
      "license": "MIT",
      "dependencies": {
        "delegate-it": "^6.1.0"
      },
      "devDependencies": {
        "@types/react": "^18.2.78",
        "bunchee": "^5.1.2",
        "next": "latest",
        "react": "^18.2.0",
        "react-dom": "^18.2.0",
        "typescript": "^5.4.5"
      },
      "peerDependencies": {
        "next": ">=14.0.0",
        "react": ">=18.2.0",
        "react-dom": ">=18.2.0"
      }
    },
    "../../node_modules/.pnpm/next@9.5.5_react-dom@19.2.6_react@19.2.6__react@19.2.6_typescript@6.0.3/node_modules/next": {
      "version": "9.5.5",
      "license": "MIT",
      "dependencies": {
        "@ampproject/toolbox-optimizer": "2.6.0",
        "@babel/code-frame": "7.10.4",
        "@babel/core": "7.7.7",
        "@babel/plugin-proposal-class-properties": "7.10.4",
        "@babel/plugin-proposal-export-namespace-from": "7.10.4",
        "@babel/plugin-proposal-numeric-separator": "7.10.4",
        "@babel/plugin-proposal-object-rest-spread": "7.11.0",
        "@babel/plugin-syntax-bigint": "7.8.3",
        "@babel/plugin-syntax-dynamic-import": "7.8.3",
        "@babel/plugin-syntax-jsx": "7.10.4",
        "@babel/plugin-transform-modules-commonjs": "7.10.4",
        "@babel/plugin-transform-runtime": "7.11.5",
        "@babel/preset-env": "7.11.5",
        "@babel/preset-modules": "0.1.4",
        "@babel/preset-react": "7.10.4",
        "@babel/preset-typescript": "7.10.4",
        "@babel/runtime": "7.11.2",
        "@babel/types": "7.11.5",
        "@hapi/accept": "5.0.1",
        "@next/env": "9.5.5",
        "@next/polyfill-module": "9.5.5",
        "@next/react-dev-overlay": "9.5.5",
        "@next/react-refresh-utils": "9.5.5",
        "ast-types": "0.13.2",
        "babel-plugin-transform-define": "2.0.0",
        "babel-plugin-transform-react-remove-prop-types": "0.4.24",
        "browserslist": "4.13.0",
        "buffer": "5.6.0",
        "cacache": "15.0.5",
        "caniuse-lite": "^1.0.30001113",
        "chokidar": "2.1.8",
        "crypto-browserify": "3.12.0",
        "css-loader": "4.3.0",
        "cssnano-simple": "1.2.0",
        "find-cache-dir": "3.3.1",
        "jest-worker": "24.9.0",
        "loader-utils": "2.0.0",
        "mkdirp": "0.5.3",
        "native-url": "0.3.4",
        "neo-async": "2.6.1",
        "node-html-parser": "^1.2.19",
        "path-browserify": "1.0.1",
        "pnp-webpack-plugin": "1.6.4",
        "postcss": "7.0.32",
        "process": "0.11.10",
        "prop-types": "15.7.2",
        "react-is": "16.13.1",
        "react-refresh": "0.8.3",
        "resolve-url-loader": "3.1.1",
        "sass-loader": "10.0.2",
        "schema-utils": "2.7.1",
        "stream-browserify": "3.0.0",
        "style-loader": "1.2.1",
        "styled-jsx": "3.3.0",
        "use-subscription": "1.4.1",
        "vm-browserify": "1.1.2",
        "watchpack": "2.0.0-beta.13",
        "web-vitals": "0.2.4",
        "webpack": "4.44.1",
        "webpack-sources": "1.4.3"
      },
      "bin": {
        "next": "dist/bin/next"
      },
      "devDependencies": {
        "@next/polyfill-nomodule": "9.5.5",
        "@taskr/clear": "1.1.0",
        "@taskr/esnext": "1.1.0",
        "@taskr/watch": "1.1.0",
        "@types/amphtml-validator": "1.0.0",
        "@types/babel__code-frame": "7.0.1",
        "@types/babel__core": "7.1.7",
        "@types/babel__generator": "7.6.1",
        "@types/babel__template": "7.0.2",
        "@types/babel__traverse": "7.0.10",
        "@types/ci-info": "2.0.0",
        "@types/comment-json": "1.1.1",
        "@types/compression": "0.0.36",
        "@types/content-type": "1.1.3",
        "@types/cookie": "0.3.3",
        "@types/cross-spawn": "6.0.0",
        "@types/debug": "4.1.5",
        "@types/etag": "1.8.0",
        "@types/fresh": "0.5.0",
        "@types/json5": "0.0.30",
        "@types/jsonwebtoken": "8.3.7",
        "@types/lodash.curry": "4.1.6",
        "@types/lru-cache": "5.1.0",
        "@types/nanoid": "2.0.0",
        "@types/node-fetch": "2.3.4",
        "@types/path-to-regexp": "1.7.0",
        "@types/react": "16.9.17",
        "@types/react-dom": "16.9.4",
        "@types/react-is": "16.7.1",
        "@types/resolve": "0.0.8",
        "@types/semver": "7.3.1",
        "@types/send": "0.14.4",
        "@types/styled-jsx": "2.2.8",
        "@types/text-table": "0.2.1",
        "@types/webpack-sources": "0.1.5",
        "@zeit/ncc": "0.22.0",
        "amphtml-validator": "1.0.33",
        "arg": "4.1.0",
        "async-retry": "1.2.3",
        "async-sema": "3.0.0",
        "babel-loader": "8.1.0",
        "babel-plugin-dynamic-import-node": "2.3.3",
        "cache-loader": "4.1.0",
        "chalk": "2.4.2",
        "ci-info": "watson/ci-info#f43f6a1cefff47fb361c88cf4b943fdbcaafe540",
        "comment-json": "3.0.3",
        "compression": "1.7.4",
        "conf": "5.0.0",
        "content-type": "1.0.4",
        "cookie": "0.4.1",
        "debug": "4.1.1",
        "devalue": "2.0.1",
        "escape-string-regexp": "2.0.0",
        "etag": "1.8.1",
        "file-loader": "6.0.0",
        "find-up": "4.1.0",
        "fresh": "0.5.2",
        "gzip-size": "5.1.1",
        "http-proxy": "1.18.0",
        "ignore-loader": "0.1.2",
        "is-docker": "2.0.0",
        "is-wsl": "2.2.0",
        "json5": "2.1.3",
        "jsonwebtoken": "8.5.1",
        "lodash.curry": "4.1.1",
        "lru-cache": "5.1.1",
        "nanoid": "2.0.3",
        "node-fetch": "2.6.1",
        "ora": "4.0.4",
        "path-to-regexp": "6.1.0",
        "postcss-flexbugs-fixes": "4.2.1",
        "postcss-loader": "3.0.0",
        "postcss-preset-env": "6.7.0",
        "raw-body": "2.4.1",
        "recast": "0.18.5",
        "resolve": "1.11.0",
        "semver": "7.3.2",
        "send": "0.17.1",
        "source-map": "0.6.1",
        "string-hash": "1.1.3",
        "strip-ansi": "6.0.0",
        "taskr": "1.1.0",
        "terser": "5.1.0",
        "terser-webpack-plugin": "4.1.0",
        "text-table": "0.2.0",
        "thread-loader": "2.1.3",
        "typescript": "3.8.3",
        "unfetch": "4.1.0",
        "unistore": "3.4.1"
      },
      "engines": {
        "node": ">=10.13.0"
      },
      "peerDependencies": {
        "react": "^16.6.0",
        "react-dom": "^16.6.0"
      }
    },
    "../../node_modules/.pnpm/postcss@8.5.15/node_modules/postcss": {
      "version": "8.5.15",
      "funding": [
        {
          "type": "opencollective",
          "url": "https://opencollective.com/postcss/"
        },
        {
          "type": "tidelift",
          "url": "https://tidelift.com/funding/github/npm/postcss"
        },
        {
          "type": "github",
          "url": "https://github.com/sponsors/ai"
        }
      ],
      "license": "MIT",
      "dependencies": {
        "nanoid": "^3.3.12",
        "picocolors": "^1.1.1",
        "source-map-js": "^1.2.1"
      },
      "engines": {
        "node": "^10 || ^12 || >=14"
      }
    },
    "../../node_modules/.pnpm/postprocessing@6.39.1_three@0.183.2/node_modules/postprocessing": {
      "version": "6.39.1",
      "license": "Zlib",
      "devDependencies": {
        "@tweakpane/core": "2.x.x",
        "@types/node": "25.x.x",
        "@types/three": "0.x.x",
        "autoprefixer": "10.x.x",
        "ava": "7.x.x",
        "cpy-cli": "7.x.x",
        "cssnano": "7.x.x",
        "dat.gui": "0.x.x",
        "del-cli": "7.x.x",
        "esbuild": "0.28.x",
        "esbuild-plugin-glsl": "1.x.x",
        "esdoc": "1.x.x",
        "esdoc-importpath-plugin": "1.x.x",
        "esdoc-standard-plugin": "1.x.x",
        "eslint": "10.x.x",
        "eslint-config-aether": "3.x.x",
        "gzipper": "8.x.x",
        "hugo-bin": "0.x.x",
        "npm-run-all": "4.x.x",
        "postcss": "8.x.x",
        "postcss-cli": "11.x.x",
        "postcss-preset-env": "11.x.x",
        "sass": "1.x.x",
        "spatial-controls": "6.x.x",
        "stylelint": "17.x.x",
        "stylelint-config-standard-scss": "17.x.x",
        "stylelint-order": "8.x.x",
        "three": "0.x.x",
        "three-demo": "5.x.x",
        "tweakpane": "4.x.x",
        "typescript": "6.0.x"
      },
      "peerDependencies": {
        "three": ">= 0.168.0 < 0.185.0"
      }
    },
    "../../node_modules/.pnpm/react-dom@19.2.6_react@19.2.6/node_modules/react-dom": {
      "version": "19.2.6",
      "license": "MIT",
      "dependencies": {
        "scheduler": "^0.27.0"
      },
      "peerDependencies": {
        "react": "^19.2.6"
      }
    },
    "../../node_modules/.pnpm/react@19.2.6/node_modules/react": {
      "version": "19.2.6",
      "license": "MIT",
      "engines": {
        "node": ">=0.10.0"
      }
    },
    "../../node_modules/.pnpm/tailwindcss@4.3.0/node_modules/tailwindcss": {
      "version": "4.3.0",
      "dev": true,
      "license": "MIT",
      "devDependencies": {
        "@jridgewell/remapping": "^2.3.5",
        "@tailwindcss/oxide": "^4.3.0",
        "@types/node": "^22.19.17",
        "dedent": "1.7.2",
        "lightningcss": "1.32.0",
        "magic-string": "^0.30.21",
        "source-map-js": "^1.2.1"
      }
    },
    "../../node_modules/.pnpm/three@0.183.2/node_modules/three": {
      "version": "0.183.2",
      "license": "MIT",
      "devDependencies": {
        "@eslint/js": "^9.0.0",
        "@rollup/plugin-node-resolve": "^16.0.0",
        "@rollup/plugin-terser": "^0.4.0",
        "eslint": "^9.0.0",
        "eslint-config-mdcs": "^5.0.0",
        "eslint-plugin-compat": "^6.0.0",
        "eslint-plugin-html": "^8.1.3",
        "eslint-plugin-jsdoc": "^62.0.0",
        "globals": "^17.0.0",
        "jpeg-js": "^0.4.4",
        "jsdoc": "^4.0.5",
        "magic-string": "^0.30.0",
        "pngjs": "^7.0.0",
        "puppeteer": "^24.25.0",
        "qunit": "^2.19.4",
        "rollup": "^4.6.0",
        "turndown": "^7.2.2"
      }
    },
    "node_modules/@14islands/r3f-scroll-rig": {
      "resolved": "../../node_modules/.pnpm/@14islands+r3f-scroll-rig@8.15.0_@react-three+drei@10.7.7_@react-three+fiber@9.6.1_@types+rea_kf22uvalr5nex4qspcc42hbbwi/node_modules/@14islands/r3f-scroll-rig",
      "link": true
    },
    "node_modules/@imagekit/next": {
      "resolved": "../../node_modules/.pnpm/@imagekit+next@2.1.5_next@9.5.5_react-dom@19.2.6_react@19.2.6__react@19.2.6_typescript@6.0.3_/node_modules/@imagekit/next",
      "link": true
    },
    "node_modules/@react-three/drei": {
      "resolved": "../../node_modules/.pnpm/@react-three+drei@10.7.7_@react-three+fiber@9.6.1_@types+react@19.2.15_react-dom@19.2.6_react_gbivnqwm5k3vdofg2njd4qjibe/node_modules/@react-three/drei",
      "link": true
    },
    "node_modules/@react-three/fiber": {
      "resolved": "../../node_modules/.pnpm/@react-three+fiber@9.6.1_@types+react@19.2.15_react-dom@19.2.6_react@19.2.6__react@19.2.6_three@0.183.2/node_modules/@react-three/fiber",
      "link": true
    },
    "node_modules/@react-three/postprocessing": {
      "resolved": "../../node_modules/.pnpm/@react-three+postprocessing@3.0.4_@react-three+fiber@9.6.1_@types+react@19.2.15_react-dom@19._4wx4hvgumzffi5a2zwpm7yseki/node_modules/@react-three/postprocessing",
      "link": true
    },
    "node_modules/@react-three/rapier": {
      "resolved": "../../node_modules/.pnpm/@react-three+rapier@2.2.0_@react-three+fiber@9.6.1_@types+react@19.2.15_react-dom@19.2.6_reac_sgl5nug25btll5n2xdp34usrgm/node_modules/@react-three/rapier",
      "link": true
    },
    "node_modules/@sentry/nextjs": {
      "resolved": "../../node_modules/.pnpm/@sentry+nextjs@10.53.1_@opentelemetry+core@2.7.1_@opentelemetry+api@1.9.1__@opentelemetry+sdk_mb3a6n7yagiwrmxpoxtusgvlty/node_modules/@sentry/nextjs",
      "link": true
    },
    "node_modules/@tailwindcss/postcss": {
      "resolved": "../../node_modules/.pnpm/@tailwindcss+postcss@4.3.0/node_modules/@tailwindcss/postcss",
      "link": true
    },
    "node_modules/@vercel/analytics": {
      "resolved": "../../node_modules/.pnpm/@vercel+analytics@2.0.1_next@9.5.5_react-dom@19.2.6_react@19.2.6__react@19.2.6_typescript@6.0.3__react@19.2.6/node_modules/@vercel/analytics",
      "link": true
    },
    "node_modules/@whatisjery/react-fluid-distortion": {
      "resolved": "../../node_modules/.pnpm/@whatisjery+react-fluid-distortion@1.6.3_@react-three+fiber@9.6.1_@types+react@19.2.15_react-_ogyrkv2qd6immtsmjjmdkcjsbq/node_modules/@whatisjery/react-fluid-distortion",
      "link": true
    },
    "node_modules/cloudinary": {
      "resolved": "../../node_modules/.pnpm/cloudinary@2.10.0/node_modules/cloudinary",
      "link": true
    },
    "node_modules/eslint": {
      "resolved": "../../node_modules/.pnpm/eslint@9.39.4_jiti@2.7.0/node_modules/eslint",
      "link": true
    },
    "node_modules/eslint-config-next": {
      "resolved": "../../node_modules/.pnpm/eslint-config-next@16.2.0_@typescript-eslint+parser@8.59.4_eslint@9.39.4_jiti@2.7.0__typescri_242kth32sbfsisibrasuuxpzye/node_modules/eslint-config-next",
      "link": true
    },
    "node_modules/framer-motion": {
      "resolved": "../../node_modules/.pnpm/framer-motion@12.40.0_react-dom@19.2.6_react@19.2.6__react@19.2.6/node_modules/framer-motion",
      "link": true
    },
    "node_modules/gsap": {
      "resolved": "../../node_modules/.pnpm/gsap@3.15.0/node_modules/gsap",
      "link": true
    },
    "node_modules/highlight.js": {
      "resolved": "../../node_modules/.pnpm/highlight.js@11.11.1/node_modules/highlight.js",
      "link": true
    },
    "node_modules/lenis": {
      "resolved": "../../node_modules/.pnpm/lenis@1.3.23_react@19.2.6/node_modules/lenis",
      "link": true
    },
    "node_modules/leva": {
      "resolved": "../../node_modules/.pnpm/leva@0.10.1_@types+react@19.2.15_react-dom@19.2.6_react@19.2.6__react@19.2.6/node_modules/leva",
      "link": true
    },
    "node_modules/lucide-react": {
      "resolved": "../../node_modules/.pnpm/lucide-react@0.577.0_react@19.2.6/node_modules/lucide-react",
      "link": true
    },
    "node_modules/maath": {
      "resolved": "../../node_modules/.pnpm/maath@0.10.8_@types+three@0.184.1_three@0.183.2/node_modules/maath",
      "link": true
    },
    "node_modules/motion": {
      "resolved": "../../node_modules/.pnpm/motion@12.40.0_react-dom@19.2.6_react@19.2.6__react@19.2.6/node_modules/motion",
      "link": true
    },
    "node_modules/next": {
      "resolved": "../../node_modules/.pnpm/next@9.5.5_react-dom@19.2.6_react@19.2.6__react@19.2.6_typescript@6.0.3/node_modules/next",
      "link": true
    },
    "node_modules/next-cloudinary": {
      "resolved": "../../node_modules/.pnpm/next-cloudinary@6.17.5_next@9.5.5_react-dom@19.2.6_react@19.2.6__react@19.2.6_typescript@6.0.3__react@19.2.6/node_modules/next-cloudinary",
      "link": true
    },
    "node_modules/next-transition-router": {
      "resolved": "../../node_modules/.pnpm/next-transition-router@0.2.11_next@9.5.5_react-dom@19.2.6_react@19.2.6__react@19.2.6_typescri_3phkv2jrtltraozlq42qxkei3y/node_modules/next-transition-router",
      "link": true
    },
    "node_modules/postcss": {
      "resolved": "../../node_modules/.pnpm/postcss@8.5.15/node_modules/postcss",
      "link": true
    },
    "node_modules/postprocessing": {
      "resolved": "../../node_modules/.pnpm/postprocessing@6.39.1_three@0.183.2/node_modules/postprocessing",
      "link": true
    },
    "node_modules/react": {
      "resolved": "../../node_modules/.pnpm/react@19.2.6/node_modules/react",
      "link": true
    },
    "node_modules/react-dom": {
      "resolved": "../../node_modules/.pnpm/react-dom@19.2.6_react@19.2.6/node_modules/react-dom",
      "link": true
    },
    "node_modules/tailwindcss": {
      "resolved": "../../node_modules/.pnpm/tailwindcss@4.3.0/node_modules/tailwindcss",
      "link": true
    },
    "node_modules/three": {
      "resolved": "../../node_modules/.pnpm/three@0.183.2/node_modules/three",
      "link": true
    },
    "node_modules/@next/swc-darwin-arm64": {
      "version": "16.2.6",
      "resolved": "https://registry.npmjs.org/@next/swc-darwin-arm64/-/swc-darwin-arm64-16.2.6.tgz",
      "integrity": "sha512-ZJGkkcNfYgrrMkqOdZ7zoLa1TOy0qpcMfk/z4Mh/FKUz40gVO+HNQWqmLxf67Z5WB64DRp0dhEbyHfel+6sJUg==",
      "cpu": [
        "arm64"
      ],
      "optional": true,
      "os": [
        "darwin"
      ],
      "engines": {
        "node": ">= 10"
      }
    },
    "node_modules/@next/swc-darwin-x64": {
      "version": "16.2.6",
      "resolved": "https://registry.npmjs.org/@next/swc-darwin-x64/-/swc-darwin-x64-16.2.6.tgz",
      "integrity": "sha512-v/YLBHIY132Ced3puBJ7YJKw1lqsCrgcNo2aRJlCEyQrrCeRJlvGlnmxhPxNQI3KE3N1DN5r9TPNPvka3nq5RQ==",
      "cpu": [
        "x64"
      ],
      "optional": true,
      "os": [
        "darwin"
      ],
      "engines": {
        "node": ">= 10"
      }
    },
    "node_modules/@next/swc-linux-arm64-gnu": {
      "version": "16.2.6",
      "resolved": "https://registry.npmjs.org/@next/swc-linux-arm64-gnu/-/swc-linux-arm64-gnu-16.2.6.tgz",
      "integrity": "sha512-RPOvqlYBbcQjkz9VQQDZ2T2bARIjXZV1KFlt+V2Mr6SW/e4I9fcKsaA0hdyf2FHoTlsV2xnBd5Y912rP/1Ce6w==",
      "cpu": [
        "arm64"
      ],
      "optional": true,
      "os": [
        "linux"
      ],
      "engines": {
        "node": ">= 10"
      }
    },
    "node_modules/@next/swc-linux-arm64-musl": {
      "version": "16.2.6",
      "resolved": "https://registry.npmjs.org/@next/swc-linux-arm64-musl/-/swc-linux-arm64-musl-16.2.6.tgz",
      "integrity": "sha512-URUTu1+dMkxJsPFgm+OeEvq9wf5sujw0EvgYy80TDGHTSLTnIHeqb0Eu8A3sC95IRgjejQL+kC4mw+4yPxiAXA==",
      "cpu": [
        "arm64"
      ],
      "optional": true,
      "os": [
        "linux"
      ],
      "engines": {
        "node": ">= 10"
      }
    },
    "node_modules/@next/swc-linux-x64-gnu": {
      "version": "16.2.6",
      "resolved": "https://registry.npmjs.org/@next/swc-linux-x64-gnu/-/swc-linux-x64-gnu-16.2.6.tgz",
      "integrity": "sha512-DOj182mPV8G3UkrayLoREM5YEYI+Dk5wv7Ox9xl1fFibAELEsFD0lDPfHIeILlutMMfdyhlzYPELG3peuKaurw==",
      "cpu": [
        "x64"
      ],
      "optional": true,
      "os": [
        "linux"
      ],
      "engines": {
        "node": ">= 10"
      }
    },
    "node_modules/@next/swc-linux-x64-musl": {
      "version": "16.2.6",
      "resolved": "https://registry.npmjs.org/@next/swc-linux-x64-musl/-/swc-linux-x64-musl-16.2.6.tgz",
      "integrity": "sha512-HKQ5SP/V/ub73UvF7n/zeJlxk2kLmtL7Wzrg4WfmkjmNos5onJ2tKu7yZOPdL18A6Svfn3max29ym+ry7NkK4g==",
      "cpu": [
        "x64"
      ],
      "optional": true,
      "os": [
        "linux"
      ],
      "engines": {
        "node": ">= 10"
      }
    },
    "node_modules/@next/swc-win32-arm64-msvc": {
      "version": "16.2.6",
      "resolved": "https://registry.npmjs.org/@next/swc-win32-arm64-msvc/-/swc-win32-arm64-msvc-16.2.6.tgz",
      "integrity": "sha512-LZXpTlPyS5v7HhSmnvsLGP3iIYgYOBnc8r8ArlT55sGHV89bR2HlDdBjWQ+PY6SJMmk8TuVGFuxalnP3k/0Dwg==",
      "cpu": [
        "arm64"
      ],
      "optional": true,
      "os": [
        "win32"
      ],
      "engines": {
        "node": ">= 10"
      }
    },
    "node_modules/@next/swc-win32-x64-msvc": {
      "version": "16.2.6",
      "resolved": "https://registry.npmjs.org/@next/swc-win32-x64-msvc/-/swc-win32-x64-msvc-16.2.6.tgz",
      "integrity": "sha512-F0+4i0h9J6C4eE3EAPWsoCk7UW/dbzOjyzxY0qnDUOYFu6FFmdZ6l97/XdV3/Nz3VYyO7UWjyEJUXkGqcoXfMA==",
      "cpu": [
        "x64"
      ],
      "optional": true,
      "os": [
        "win32"
      ],
      "engines": {
        "node": ">= 10"
      }
    }
  }
}
